# THIS IS AN AUTOGENERATED FILE. DO NOT EDIT THIS FILE DIRECTLY.
# yarn lockfile v1


marked@^1.2.2:
  version "1.2.2"
  resolved "https://registry.yarnpkg.com/marked/-/marked-1.2.2.tgz#5d77ffb789c4cb0ae828bfe76250f7140b123f70"
  integrity sha512-5jjKHVl/FPo0Z6ocP3zYhKiJLzkwJAw4CZoLjv57FkvbUuwOX4LIBBGGcXjAY6ATcd1q9B8UTj5T9Umauj0QYQ==
